
Microsoft Visual Studio Solution File, Format Version 12.00
# Visual Studio 15
Project("{FAE04EC0-301F-11D3-BF4B-00C04F79EFBC}") = "Assembly-CSharp", "Assembly-CSharp.csproj", "{14B68BB0-E52D-C0D4-0A8B-8AE309E08FB8}"
EndProject
Project("{FAE04EC0-301F-11D3-BF4B-00C04F79EFBC}") = "Assembly-CSharp-Editor", "Assembly-CSharp-Editor.csproj", "{1F324D47-11C5-5587-75EF-E3AE91F49D2C}"
EndProject
Global
	GlobalSection(SolutionConfigurationPlatforms) = preSolution
		Debug|Any CPU = Debug|Any CPU
		Release|Any CPU = Release|Any CPU
	EndGlobalSection
	GlobalSection(ProjectConfigurationPlatforms) = postSolution
		{14B68BB0-E52D-C0D4-0A8B-8AE309E08FB8}.Debug|Any CPU.ActiveCfg = Debug|Any CPU
		{14B68BB0-E52D-C0D4-0A8B-8AE309E08FB8}.Debug|Any CPU.Build.0 = Debug|Any CPU
		{14B68BB0-E52D-C0D4-0A8B-8AE309E08FB8}.Release|Any CPU.ActiveCfg = Release|Any CPU
		{14B68BB0-E52D-C0D4-0A8B-8AE309E08FB8}.Release|Any CPU.Build.0 = Release|Any CPU
		{1F324D47-11C5-5587-75EF-E3AE91F49D2C}.Debug|Any CPU.ActiveCfg = Debug|Any CPU
		{1F324D47-11C5-5587-75EF-E3AE91F49D2C}.Debug|Any CPU.Build.0 = Debug|Any CPU
		{1F324D47-11C5-5587-75EF-E3AE91F49D2C}.Release|Any CPU.ActiveCfg = Release|Any CPU
		{1F324D47-11C5-5587-75EF-E3AE91F49D2C}.Release|Any CPU.Build.0 = Release|Any CPU
	EndGlobalSection
	GlobalSection(SolutionProperties) = preSolution
		HideSolutionNode = FALSE
	EndGlobalSection
EndGlobal
